{
  "version": 4,
  "terraform_version": "1.9.8",
  "serial": 17,
  "lineage": "fceea538-99cc-c333-60a1-dae2aa757d2d",
  "outputs": {},
  "resources": [
    {
      "mode": "data",
      "type": "google_container_engine_versions",
      "name": "gke_version",
      "provider": "provider[\"registry.terraform.io/hashicorp/google\"]",
      "instances": [
        {
          "schema_version": 0,
          "attributes": {
            "default_cluster_version": "1.30.5-gke.1014001",
            "id": "2024-10-29 15:04:27.8320648 +0000 UTC",
            "latest_master_version": null,
            "latest_node_version": "1.27.16-gke.1712000",
            "location": "europe-west2",
            "project": null,
            "release_channel_default_version": {
              "EXTENDED": "1.30.5-gke.1014001",
              "RAPID": "1.31.1-gke.1678000",
              "REGULAR": "1.30.5-gke.1014001",
              "STABLE": "1.30.5-gke.1014001"
            },
            "release_channel_latest_version": {
              "EXTENDED": "1.27.16-gke.1712000"
            },
            "valid_master_versions": [],
            "valid_node_versions": [
              "1.27.16-gke.1712000",
              "1.27.16-gke.1681000",
              "1.27.16-gke.1576000",
              "1.27.16-gke.1478000",
              "1.27.16-gke.1373000",
              "1.27.16-gke.1342000",
              "1.27.16-gke.1296000",
              "1.27.16-gke.1287000",
              "1.27.16-gke.1258000",
              "1.27.16-gke.1234001",
              "1.27.16-gke.1234000",
              "1.27.16-gke.1148001",
              "1.27.16-gke.1148000",
              "1.27.16-gke.1082000",
              "1.27.16-gke.1051001",
              "1.27.16-gke.1051000",
              "1.27.16-gke.1008000",
              "1.27.15-gke.1252000",
              "1.27.15-gke.1154000",
              "1.27.15-gke.1125000",
              "1.27.15-gke.1012003",
              "1.27.15-gke.1012000",
              "1.27.14-gke.1100002",
              "1.27.14-gke.1100000",
              "1.27.14-gke.1093000",
              "1.27.14-gke.1059002",
              "1.27.14-gke.1059001",
              "1.27.14-gke.1059000",
              "1.27.14-gke.1042001",
              "1.27.14-gke.1042000",
              "1.27.14-gke.1022001",
              "1.27.14-gke.1022000",
              "1.27.14-gke.1011000",
              "1.27.13-gke.1201002",
              "1.27.13-gke.1201000",
              "1.27.13-gke.1166001",
              "1.27.13-gke.1166000",
              "1.27.13-gke.1070002",
              "1.27.13-gke.1070000",
              "1.27.13-gke.1000000",
              "1.27.12-gke.1190000",
              "1.27.12-gke.1115000",
              "1.27.11-gke.1202000",
              "1.27.11-gke.1118000",
              "1.27.11-gke.1062004",
              "1.27.11-gke.1062003",
              "1.27.11-gke.1062001",
              "1.27.11-gke.1062000",
              "1.27.11-gke.1018000",
              "1.27.10-gke.1207000",
              "1.27.10-gke.1152000",
              "1.27.10-gke.1055000",
              "1.27.9-gke.1092000",
              "1.27.8-gke.1067004",
              "1.27.8-gke.1067000",
              "1.27.7-gke.1293000",
              "1.27.7-gke.1121002",
              "1.27.7-gke.1121000",
              "1.27.7-gke.1088000",
              "1.27.7-gke.1056000",
              "1.27.7-gke.1038000",
              "1.27.6-gke.1506000",
              "1.27.6-gke.1445000",
              "1.27.6-gke.1248000",
              "1.27.5-gke.200",
              "1.27.4-gke.900",
              "1.27.3-gke.1700",
              "1.27.3-gke.100",
              "1.27.2-gke.2100",
              "1.27.2-gke.1200"
            ],
            "version_prefix": "1.27."
          },
          "sensitive_attributes": []
        }
      ]
    },
    {
      "mode": "managed",
      "type": "google_compute_network",
      "name": "vpc",
      "provider": "provider[\"registry.terraform.io/hashicorp/google\"]",
      "instances": [
        {
          "schema_version": 0,
          "attributes": {
            "auto_create_subnetworks": false,
            "delete_default_routes_on_create": false,
            "description": "",
            "enable_ula_internal_ipv6": false,
            "gateway_ipv4": "",
            "id": "projects/infinite-matter-440112-g3/global/networks/infinite-matter-440112-g3-vpc",
            "internal_ipv6_range": "",
            "mtu": 0,
            "name": "infinite-matter-440112-g3-vpc",
            "network_firewall_policy_enforcement_order": "AFTER_CLASSIC_FIREWALL",
            "project": "infinite-matter-440112-g3",
            "routing_mode": "REGIONAL",
            "self_link": "https://www.googleapis.com/compute/v1/projects/infinite-matter-440112-g3/global/networks/infinite-matter-440112-g3-vpc",
            "timeouts": null
          },
          "sensitive_attributes": [],
          "private": "eyJlMmJmYjczMC1lY2FhLTExZTYtOGY4OC0zNDM2M2JjN2M0YzAiOnsiY3JlYXRlIjoxMjAwMDAwMDAwMDAwLCJkZWxldGUiOjEyMDAwMDAwMDAwMDAsInVwZGF0ZSI6MTIwMDAwMDAwMDAwMH19"
        }
      ]
    },
    {
      "mode": "managed",
      "type": "google_compute_subnetwork",
      "name": "subnet",
      "provider": "provider[\"registry.terraform.io/hashicorp/google\"]",
      "instances": [
        {
          "schema_version": 0,
          "attributes": {
            "creation_timestamp": "2024-10-29T08:04:46.914-07:00",
            "description": "",
            "external_ipv6_prefix": "",
            "fingerprint": null,
            "gateway_address": "10.10.0.1",
            "id": "projects/infinite-matter-440112-g3/regions/europe-west2/subnetworks/infinite-matter-440112-g3-subnet",
            "ip_cidr_range": "10.10.0.0/24",
            "ipv6_access_type": "",
            "ipv6_cidr_range": "",
            "log_config": [],
            "name": "infinite-matter-440112-g3-subnet",
            "network": "https://www.googleapis.com/compute/v1/projects/infinite-matter-440112-g3/global/networks/infinite-matter-440112-g3-vpc",
            "private_ip_google_access": false,
            "private_ipv6_google_access": "DISABLE_GOOGLE_ACCESS",
            "project": "infinite-matter-440112-g3",
            "purpose": "PRIVATE",
            "region": "europe-west2",
            "role": "",
            "secondary_ip_range": [],
            "self_link": "https://www.googleapis.com/compute/v1/projects/infinite-matter-440112-g3/regions/europe-west2/subnetworks/infinite-matter-440112-g3-subnet",
            "stack_type": "IPV4_ONLY",
            "timeouts": null
          },
          "sensitive_attributes": [],
          "private": "eyJlMmJmYjczMC1lY2FhLTExZTYtOGY4OC0zNDM2M2JjN2M0YzAiOnsiY3JlYXRlIjoxMjAwMDAwMDAwMDAwLCJkZWxldGUiOjEyMDAwMDAwMDAwMDAsInVwZGF0ZSI6MTIwMDAwMDAwMDAwMH19",
          "dependencies": [
            "google_compute_network.vpc"
          ]
        }
      ]
    },
    {
      "mode": "managed",
      "type": "google_container_cluster",
      "name": "primary",
      "provider": "provider[\"registry.terraform.io/hashicorp/google\"]",
      "instances": [
        {
          "schema_version": 1,
          "attributes": {
            "addons_config": [
              {
                "cloudrun_config": [],
                "config_connector_config": [],
                "dns_cache_config": [],
                "gce_persistent_disk_csi_driver_config": [
                  {
                    "enabled": true
                  }
                ],
                "gcp_filestore_csi_driver_config": [],
                "gke_backup_agent_config": [],
                "horizontal_pod_autoscaling": [],
                "http_load_balancing": [],
                "network_policy_config": [
                  {
                    "disabled": true
                  }
                ]
              }
            ],
            "authenticator_groups_config": [],
            "binary_authorization": [
              {
                "enabled": false,
                "evaluation_mode": ""
              }
            ],
            "cluster_autoscaling": [
              {
                "auto_provisioning_defaults": [],
                "enabled": false,
                "resource_limits": []
              }
            ],
            "cluster_ipv4_cidr": "10.240.0.0/14",
            "confidential_nodes": [],
            "cost_management_config": [],
            "database_encryption": [
              {
                "key_name": "",
                "state": "DECRYPTED"
              }
            ],
            "datapath_provider": "",
            "default_max_pods_per_node": null,
            "default_snat_status": [
              {
                "disabled": false
              }
            ],
            "description": "",
            "dns_config": [],
            "enable_autopilot": false,
            "enable_binary_authorization": false,
            "enable_intranode_visibility": false,
            "enable_kubernetes_alpha": false,
            "enable_l4_ilb_subsetting": false,
            "enable_legacy_abac": false,
            "enable_shielded_nodes": true,
            "enable_tpu": false,
            "endpoint": "34.147.136.182",
            "gateway_api_config": [],
            "id": "projects/infinite-matter-440112-g3/locations/europe-west2/clusters/infinite-matter-440112-g3-gke",
            "initial_node_count": 1,
            "ip_allocation_policy": [],
            "label_fingerprint": "a9dc16a7",
            "location": "europe-west2",
            "logging_config": [
              {
                "enable_components": [
                  "SYSTEM_COMPONENTS",
                  "WORKLOADS"
                ]
              }
            ],
            "logging_service": "logging.googleapis.com/kubernetes",
            "maintenance_policy": [],
            "master_auth": [
              {
                "client_certificate": "",
                "client_certificate_config": [
                  {
                    "issue_client_certificate": false
                  }
                ],
                "client_key": "",
                "cluster_ca_certificate": "LS0tLS1CRUdJTiBDRVJUSUZJQ0FURS0tLS0tCk1JSUVMRENDQXBTZ0F3SUJBZ0lRSno2SGZOaWdzSmtWMDNKZG5kbjR2akFOQmdrcWhraUc5dzBCQVFzRkFEQXYKTVMwd0t3WURWUVFERXlSak1qazJPR1ExTXkwM01qVXpMVFEyT1RjdFlqZzFNaTAzTVRjd1lqRmtaakEyWW1VdwpJQmNOTWpReE1ESTVNVFF3TlRBNFdoZ1BNakExTkRFd01qSXhOVEExTURoYU1DOHhMVEFyQmdOVkJBTVRKR015Ck9UWTRaRFV6TFRjeU5UTXRORFk1TnkxaU9EVXlMVGN4TnpCaU1XUm1NRFppWlRDQ0FhSXdEUVlKS29aSWh2Y04KQVFFQkJRQURnZ0dQQURDQ0FZb0NnZ0dCQUxXSUs3S0lqTzBYTUZjcUhUZXpiZXFaTTNOSFVSeEZDL2N2T29aeQowSEpGZkNMLzVvSjlyUVVTMUlaNmNuYk9YUVVFYmV2RXpCdGVZb21OZi9MdWhRaXI4djIxWXhXejJTV0lhYzNHCmZOZzU5bVJYNlJmUC9STE51RitOb1dHbXIzeDBlcUlFRnVPNGhoZnUwWmxTMHZtSjJ0NVFtRDhadlFNTERtaVkKelZDeHlLNkVsSVZkNDRhdWRpVUl6aUx3VXBtd3hiREhCRWt3RWE5SzdGNkN2R01zak0rNi93VDhwZjFWOHV4VgpXeW1lSmFTM0dsOEEwWXlkRXpRU0ZRSXpnaDBWd2diZVhwMzhTZVFYSUdVNE5GWTczTGhkZDN3VVQ2QVJ3c2gyClVORmVFLzM1d01yMnVaSGUxY3NUNEZ2R05qUVJyZm56eWlqMXl4aHVyeHdRcnBHWEc2Mkgzd3l5MUF4aGVTK2YKL0xKMXAvZG5qRGhUMUsydFVJZGFQR3FaS1YvYmNNWWVFNXZ5MkpnV1g0ZzZNN2FjR3Y2bnFmVEtFRVBnNnZicwpzaW5GYmIrV0gwUGh1V2VTSUpnWFMwVHVCQ0NhOWpvM3YyT0NxK2NvZWF3R3IwZTZnc2FTSVcrUGRvUWNkNU9zClVOZDlNaUxDbmtEdGtQSDdwQktOdFEzdFJ3SURBUUFCbzBJd1FEQU9CZ05WSFE4QkFmOEVCQU1DQWdRd0R3WUQKVlIwVEFRSC9CQVV3QXdFQi96QWRCZ05WSFE0RUZnUVV0eG5RbVRyV1lJblh6Mk5BVHpzeFlpRGMydzB3RFFZSgpLb1pJaHZjTkFRRUxCUUFEZ2dHQkFHMTVKTWV3ODFsUVJTM1ZCRFJLVUtrUTlJNVN4QTBQeXBGanM4U1d1empyCmNLbGI1Q3BhT3FuQzM3TmgvL0lZaXhRWXdHckw0c2N1ZWFsRURnZENTZ3VIZ1Q3TW9FcUNiVmxNNEpjVnBxQ0MKU2hkWTNhOXkvTDMzU3FjSVd6WUZVS3NqN3NyYVNOSEVaWEtWMXFUOE9kNVN0aXFHa0VpNVZPVUFhQWxzemJFdAovWEtKZW1XOFo3N3RYakVVUkQrSldFNFE5UlBaZ003RDI0K0lJU0piQy8yb3Y1cEZOVVRMT2g4Y0ZyQjJWbDJqCnRiWkRxODVJUmM2MWtkc21NeUEyemhjaEU1TnkyUzN3V3pZVUw0QmM5Q09BK3J2SWM0L3lYUkZJTG5CNHRyVUIKTVdLSURFMU9Oa3lHSkZjSUtTYWhkbk1nSmZaQVNuRTR0Q3FZUDVYaG4vaGxqTEJoQ2dnb1VxWlhKb0dMLzVYOQo3bnB5OXB2T2VvRXQ0TTlZcUc4d3ZzV3luUXFiQWRGSXk1NDhWV3ZyazIwbXRsSVlFZEdoUmwweEVJMlNObFM2CjhjZFN0Rzdwc0F5RkNrcG05WEQvTFNLdE8za1BuSnFxWktsSzhQV0p5cU8zOW8zcUc1OWIxLzVtNVRpS0ZrT3oKdnR2NzNYbzFZSWw0MTU3Zm04UDlrZz09Ci0tLS0tRU5EIENFUlRJRklDQVRFLS0tLS0K"
              }
            ],
            "master_authorized_networks_config": [],
            "master_version": "1.30.5-gke.1014001",
            "mesh_certificates": [],
            "min_master_version": null,
            "monitoring_config": [
              {
                "enable_components": [
                  "SYSTEM_COMPONENTS",
                  "DEPLOYMENT",
                  "STATEFULSET",
                  "STORAGE",
                  "HPA",
                  "POD",
                  "DAEMONSET",
                  "CADVISOR",
                  "KUBELET"
                ],
                "managed_prometheus": [
                  {
                    "enabled": true
                  }
                ]
              }
            ],
            "monitoring_service": "monitoring.googleapis.com/kubernetes",
            "name": "infinite-matter-440112-g3-gke",
            "network": "projects/infinite-matter-440112-g3/global/networks/infinite-matter-440112-g3-vpc",
            "network_policy": [
              {
                "enabled": false,
                "provider": "PROVIDER_UNSPECIFIED"
              }
            ],
            "networking_mode": "ROUTES",
            "node_config": [],
            "node_locations": [
              "europe-west2-a",
              "europe-west2-b",
              "europe-west2-c"
            ],
            "node_pool": [],
            "node_pool_defaults": [
              {
                "node_config_defaults": [
                  {
                    "logging_variant": "DEFAULT"
                  }
                ]
              }
            ],
            "node_version": "1.30.5-gke.1014001",
            "notification_config": [
              {
                "pubsub": [
                  {
                    "enabled": false,
                    "filter": [],
                    "topic": ""
                  }
                ]
              }
            ],
            "operation": null,
            "private_cluster_config": [
              {
                "enable_private_endpoint": false,
                "enable_private_nodes": false,
                "master_global_access_config": [
                  {
                    "enabled": false
                  }
                ],
                "master_ipv4_cidr_block": "",
                "peering_name": "",
                "private_endpoint": "10.10.0.2",
                "private_endpoint_subnetwork": "",
                "public_endpoint": "34.147.136.182"
              }
            ],
            "private_ipv6_google_access": "",
            "project": "infinite-matter-440112-g3",
            "release_channel": [
              {
                "channel": "REGULAR"
              }
            ],
            "remove_default_node_pool": true,
            "resource_labels": null,
            "resource_usage_export_config": [],
            "security_posture_config": [
              {
                "mode": "BASIC",
                "vulnerability_mode": "VULNERABILITY_MODE_UNSPECIFIED"
              }
            ],
            "self_link": "https://container.googleapis.com/v1/projects/infinite-matter-440112-g3/locations/europe-west2/clusters/infinite-matter-440112-g3-gke",
            "service_external_ips_config": [
              {
                "enabled": false
              }
            ],
            "services_ipv4_cidr": "10.243.240.0/20",
            "subnetwork": "projects/infinite-matter-440112-g3/regions/europe-west2/subnetworks/infinite-matter-440112-g3-subnet",
            "timeouts": null,
            "tpu_ipv4_cidr_block": "",
            "vertical_pod_autoscaling": [],
            "workload_identity_config": []
          },
          "sensitive_attributes": [
            [
              {
                "type": "get_attr",
                "value": "master_auth"
              },
              {
                "type": "index",
                "value": {
                  "value": 0,
                  "type": "number"
                }
              },
              {
                "type": "get_attr",
                "value": "client_key"
              }
            ]
          ],
          "private": "eyJlMmJmYjczMC1lY2FhLTExZTYtOGY4OC0zNDM2M2JjN2M0YzAiOnsiY3JlYXRlIjoyNDAwMDAwMDAwMDAwLCJkZWxldGUiOjI0MDAwMDAwMDAwMDAsInJlYWQiOjI0MDAwMDAwMDAwMDAsInVwZGF0ZSI6MzYwMDAwMDAwMDAwMH0sInNjaGVtYV92ZXJzaW9uIjoiMSJ9",
          "dependencies": [
            "google_compute_network.vpc",
            "google_compute_subnetwork.subnet"
          ]
        }
      ]
    },
    {
      "mode": "managed",
      "type": "google_container_node_pool",
      "name": "primary_nodes",
      "provider": "provider[\"registry.terraform.io/hashicorp/google\"]",
      "instances": [
        {
          "status": "tainted",
          "schema_version": 1,
          "attributes": {
            "autoscaling": [],
            "cluster": "infinite-matter-440112-g3-gke",
            "id": "projects/infinite-matter-440112-g3/locations/europe-west2/clusters/infinite-matter-440112-g3-gke/nodePools/infinite-matter-440112-g3-gke",
            "initial_node_count": null,
            "instance_group_urls": null,
            "location": "europe-west2",
            "managed_instance_group_urls": null,
            "management": null,
            "max_pods_per_node": null,
            "name": "infinite-matter-440112-g3-gke",
            "name_prefix": null,
            "network_config": null,
            "node_config": [
              {
                "advanced_machine_features": [],
                "boot_disk_kms_key": "",
                "disk_size_gb": 0,
                "disk_type": "",
                "ephemeral_storage_local_ssd_config": [],
                "gcfs_config": [],
                "guest_accelerator": [],
                "gvnic": [],
                "image_type": "",
                "kubelet_config": [],
                "labels": {
                  "env": "infinite-matter-440112-g3"
                },
                "linux_node_config": [],
                "local_nvme_ssd_block_config": [],
                "local_ssd_count": 0,
                "logging_variant": "DEFAULT",
                "machine_type": "n1-standard-1",
                "metadata": {
                  "disable-legacy-endpoints": "true"
                },
                "min_cpu_platform": "",
                "node_group": "",
                "oauth_scopes": [
                  "https://www.googleapis.com/auth/logging.write",
                  "https://www.googleapis.com/auth/monitoring"
                ],
                "preemptible": false,
                "reservation_affinity": [],
                "resource_labels": null,
                "service_account": "",
                "shielded_instance_config": [],
                "sole_tenant_config": [],
                "spot": false,
                "tags": [
                  "gke-node",
                  "infinite-matter-440112-g3-gke"
                ],
                "taint": [],
                "workload_metadata_config": []
              }
            ],
            "node_count": 3,
            "node_locations": [],
            "operation": null,
            "placement_policy": [],
            "project": null,
            "timeouts": null,
            "upgrade_settings": null,
            "version": null
          },
          "sensitive_attributes": [],
          "private": "eyJlMmJmYjczMC1lY2FhLTExZTYtOGY4OC0zNDM2M2JjN2M0YzAiOnsiY3JlYXRlIjoxODAwMDAwMDAwMDAwLCJkZWxldGUiOjE4MDAwMDAwMDAwMDAsInVwZGF0ZSI6MTgwMDAwMDAwMDAwMH0sInNjaGVtYV92ZXJzaW9uIjoiMSJ9",
          "dependencies": [
            "google_compute_network.vpc",
            "google_compute_subnetwork.subnet",
            "google_container_cluster.primary"
          ]
        }
      ]
    }
  ],
  "check_results": null
}
